<?xml version="1.0" encoding="utf-8"?>
<Project ToolsVersion="4.0" xmlns="http://schemas.microsoft.com/developer/msbuild/2003">
  <ItemGroup>
    <Filter Include="App">
      <UniqueIdentifier>{61808917-49ff-4b81-8a4e-1bc0be1ab632}</UniqueIdentifier>
    </Filter>
    <Filter Include="GameEngine">
      <UniqueIdentifier>{abc946a8-5929-4648-839e-4c78f89cf2b2}</UniqueIdentifier>
    </Filter>
    <Filter Include="GameEngine\WindowingSystem">
      <UniqueIdentifier>{0190c073-c4f4-4108-8b46-99df0107ca86}</UniqueIdentifier>
    </Filter>
    <Filter Include="GameEngine\GraphicsEngine">
      <UniqueIdentifier>{893d2c7f-c1cd-47e1-a678-4db8c9cc48fc}</UniqueIdentifier>
    </Filter>
    <Filter Include="GameEngine\GraphicsEngine\SwapChain">
      <UniqueIdentifier>{98dbd368-a5be-4d03-81cc-223578fa011e}</UniqueIdentifier>
    </Filter>
    <Filter Include="GameEngine\GraphicsEngine\DeviceContext">
      <UniqueIdentifier>{16695d10-ee49-46b0-984d-b1eb9309b81f}</UniqueIdentifier>
    </Filter>
    <Filter Include="GameEngine\GraphicsEngine\VertexBuffer">
      <UniqueIdentifier>{40e06444-1272-495c-9911-ebe618c6ad83}</UniqueIdentifier>
    </Filter>
    <Filter Include="GameEngine\Primitives">
      <UniqueIdentifier>{50d0ecf1-3efc-4b90-8ba5-80a7955a9fa4}</UniqueIdentifier>
    </Filter>
    <Filter Include="GameEngine\GraphicsEngine\PixelShader">
      <UniqueIdentifier>{676a8a40-babd-435a-afc3-f8d46dc9b252}</UniqueIdentifier>
    </Filter>
    <Filter Include="GameEngine\GraphicsEngine\VertexShader">
      <UniqueIdentifier>{1ebc7779-f9fb-453e-8187-b526a51d649c}</UniqueIdentifier>
    </Filter>
    <Filter Include="GameEngine\GraphicsEngine\ConstantBuffer">
      <UniqueIdentifier>{88875d46-fe21-4b7a-82a0-7de03af66a32}</UniqueIdentifier>
    </Filter>
    <Filter Include="GameEngine\EngineTime">
      <UniqueIdentifier>{705b4724-83ae-4680-9430-a57afceeca16}</UniqueIdentifier>
    </Filter>
    <Filter Include="GameEngine\GraphicsEngine\IndexBuffer">
      <UniqueIdentifier>{395c4692-11d4-44a6-85bc-57d2efd9d583}</UniqueIdentifier>
    </Filter>
    <Filter Include="GameEngine\Math">
      <UniqueIdentifier>{0d3edde2-4d9b-4703-8ca8-6e4c545c734e}</UniqueIdentifier>
    </Filter>
    <Filter Include="GameEngine\InputSystem">
      <UniqueIdentifier>{ccbbbbc6-f040-498e-b394-54b26410f403}</UniqueIdentifier>
    </Filter>
    <Filter Include="GameEngine\Primitives\Camera">
      <UniqueIdentifier>{f20cc3c2-bbb0-4c16-ba50-a15939acaabd}</UniqueIdentifier>
    </Filter>
    <Filter Include="GameEngine\imgui">
      <UniqueIdentifier>{8805f525-f8df-4a83-be97-7a392623d111}</UniqueIdentifier>
    </Filter>
    <Filter Include="GameEngine\UI">
      <UniqueIdentifier>{bacaeb07-d427-4a40-bda3-ef1a777e97c4}</UniqueIdentifier>
    </Filter>
    <Filter Include="GameEngine\Interface">
      <UniqueIdentifier>{990f8d10-8a11-45f4-91d5-fd995fda300d}</UniqueIdentifier>
    </Filter>
    <Filter Include="GameEngine\ECS">
      <UniqueIdentifier>{be4249e4-97a6-4d48-980e-8ed26158ca89}</UniqueIdentifier>
    </Filter>
    <Filter Include="GameEngine\ECS\Physics">
      <UniqueIdentifier>{cf7d59a8-136c-4d2b-893e-3bc3c7c42a27}</UniqueIdentifier>
    </Filter>
    <Filter Include="GameEngine\Primitives\PhysicsPrimitive">
      <UniqueIdentifier>{c4ecd727-8ff8-40d0-9c15-dd03ba6cfd05}</UniqueIdentifier>
    </Filter>
    <Filter Include="GameEngine\GraphicsEngine\ResourceManager">
      <UniqueIdentifier>{8f9ee77d-4121-4864-8b7d-674bc862a09a}</UniqueIdentifier>
    </Filter>
    <Filter Include="GameEngine\GraphicsEngine\ResourceManager\TextureManager">
      <UniqueIdentifier>{5691c80e-790e-4fc0-8a52-6a928e4d5ab1}</UniqueIdentifier>
    </Filter>
    <Filter Include="GameEngine\Primitives\Basic">
      <UniqueIdentifier>{780fff2f-0de8-40a3-af77-2be4ce7e30be}</UniqueIdentifier>
    </Filter>
    <Filter Include="GameEngine\Primitives\Texture">
      <UniqueIdentifier>{dabbdba4-027e-4099-99be-d9df3578cec4}</UniqueIdentifier>
    </Filter>
  </ItemGroup>
  <ItemGroup>
    <ClCompile Include="main.cpp">
      <Filter>App</Filter>
    </ClCompile>
    <ClCompile Include="AppWindow.cpp">
      <Filter>App</Filter>
    </ClCompile>
    <ClCompile Include="Window.cpp">
      <Filter>GameEngine\WindowingSystem</Filter>
    </ClCompile>
    <ClCompile Include="GraphicsEngine.cpp">
      <Filter>GameEngine\GraphicsEngine</Filter>
    </ClCompile>
    <ClCompile Include="SwapChain.cpp">
      <Filter>GameEngine\GraphicsEngine\SwapChain</Filter>
    </ClCompile>
    <ClCompile Include="DeviceContext.cpp">
      <Filter>GameEngine\GraphicsEngine\DeviceContext</Filter>
    </ClCompile>
    <ClCompile Include="VertexBuffer.cpp">
      <Filter>GameEngine\GraphicsEngine\VertexBuffer</Filter>
    </ClCompile>
    <ClCompile Include="PixelShader.cpp">
      <Filter>GameEngine\GraphicsEngine\PixelShader</Filter>
    </ClCompile>
    <ClCompile Include="VertexShader.cpp">
      <Filter>GameEngine\GraphicsEngine\VertexShader</Filter>
    </ClCompile>
    <ClCompile Include="ConstantBuffer.cpp">
      <Filter>GameEngine\GraphicsEngine\ConstantBuffer</Filter>
    </ClCompile>
    <ClCompile Include="EngineTime.cpp">
      <Filter>GameEngine\EngineTime</Filter>
    </ClCompile>
    <ClCompile Include="Vector3D.cpp">
      <Filter>GameEngine\Math</Filter>
    </ClCompile>
    <ClCompile Include="IndexBuffer.cpp">
      <Filter>GameEngine\GraphicsEngine\IndexBuffer</Filter>
    </ClCompile>
    <ClCompile Include="AGameObject.cpp">
      <Filter>GameEngine\Primitives</Filter>
    </ClCompile>
    <ClCompile Include="InputSystem.cpp">
      <Filter>GameEngine\InputSystem</Filter>
    </ClCompile>
    <ClCompile Include="Point.cpp">
      <Filter>GameEngine\InputSystem</Filter>
    </ClCompile>
    <ClCompile Include="Camera.cpp">
      <Filter>GameEngine\Primitives\Camera</Filter>
    </ClCompile>
    <ClCompile Include="SceneCameraHandler.cpp">
      <Filter>GameEngine\Primitives\Camera</Filter>
    </ClCompile>
    <ClCompile Include="MathUtils.cpp">
      <Filter>GameEngine\Math</Filter>
    </ClCompile>
    <ClCompile Include="imgui\imgui.cpp">
      <Filter>GameEngine\imgui</Filter>
    </ClCompile>
    <ClCompile Include="imgui\imgui_demo.cpp">
      <Filter>GameEngine\imgui</Filter>
    </ClCompile>
    <ClCompile Include="imgui\imgui_draw.cpp">
      <Filter>GameEngine\imgui</Filter>
    </ClCompile>
    <ClCompile Include="imgui\imgui_impl_dx11.cpp">
      <Filter>GameEngine\imgui</Filter>
    </ClCompile>
    <ClCompile Include="imgui\imgui_impl_win32.cpp">
      <Filter>GameEngine\imgui</Filter>
    </ClCompile>
    <ClCompile Include="imgui\imgui_tables.cpp">
      <Filter>GameEngine\imgui</Filter>
    </ClCompile>
    <ClCompile Include="imgui\imgui_widgets.cpp">
      <Filter>GameEngine\imgui</Filter>
    </ClCompile>
    <ClCompile Include="imgui\imgui_stdlib.cpp">
      <Filter>GameEngine\imgui</Filter>
    </ClCompile>
    <ClCompile Include="UIManager.cpp">
      <Filter>GameEngine\UI</Filter>
    </ClCompile>
    <ClCompile Include="AUIScreen.cpp">
      <Filter>GameEngine\UI</Filter>
    </ClCompile>
    <ClCompile Include="Toolbar.cpp">
      <Filter>GameEngine\Interface</Filter>
    </ClCompile>
    <ClCompile Include="SceneOutliner.cpp">
      <Filter>GameEngine\Interface</Filter>
    </ClCompile>
    <ClCompile Include="InspectorWindow.cpp">
      <Filter>GameEngine\Interface</Filter>
    </ClCompile>
    <ClCompile Include="EngineProfiler.cpp">
      <Filter>GameEngine\Interface</Filter>
    </ClCompile>
    <ClCompile Include="GameObjectManager.cpp">
      <Filter>GameEngine\Primitives</Filter>
    </ClCompile>
    <ClCompile Include="AComponent.cpp">
      <Filter>GameEngine\ECS</Filter>
    </ClCompile>
    <ClCompile Include="BaseComponentSystem.cpp">
      <Filter>GameEngine\ECS</Filter>
    </ClCompile>
    <ClCompile Include="PhysicsComponent.cpp">
      <Filter>GameEngine\ECS\Physics</Filter>
    </ClCompile>
    <ClCompile Include="PhysicsSystem.cpp">
      <Filter>GameEngine\ECS\Physics</Filter>
    </ClCompile>
    <ClCompile Include="PhysicsPlane.cpp">
      <Filter>GameEngine\Primitives\PhysicsPrimitive</Filter>
    </ClCompile>
    <ClCompile Include="ShaderLibrary.cpp" />
    <ClCompile Include="Resource.cpp">
      <Filter>GameEngine\GraphicsEngine\ResourceManager</Filter>
    </ClCompile>
    <ClCompile Include="ResourceManager.cpp">
      <Filter>GameEngine\GraphicsEngine\ResourceManager</Filter>
    </ClCompile>
    <ClCompile Include="Texture.cpp">
      <Filter>GameEngine\GraphicsEngine\ResourceManager\TextureManager</Filter>
    </ClCompile>
    <ClCompile Include="TexturedVertexBuffer.cpp">
      <Filter>GameEngine\GraphicsEngine\ResourceManager\TextureManager</Filter>
    </ClCompile>
    <ClCompile Include="TextureManager.cpp">
      <Filter>GameEngine\GraphicsEngine\ResourceManager\TextureManager</Filter>
    </ClCompile>
    <ClCompile Include="Cube.cpp">
      <Filter>GameEngine\Primitives\Basic</Filter>
    </ClCompile>
    <ClCompile Include="Quads.cpp">
      <Filter>GameEngine\Primitives\Basic</Filter>
    </ClCompile>
    <ClCompile Include="TexturedCube.cpp">
      <Filter>GameEngine\Primitives\Texture</Filter>
    </ClCompile>
  </ItemGroup>
  <ItemGroup>
    <ClInclude Include="AppWindow.h">
      <Filter>App</Filter>
    </ClInclude>
    <ClInclude Include="Window.h">
      <Filter>GameEngine\WindowingSystem</Filter>
    </ClInclude>
    <ClInclude Include="GraphicsEngine.h">
      <Filter>GameEngine\GraphicsEngine</Filter>
    </ClInclude>
    <ClInclude Include="SwapChain.h">
      <Filter>GameEngine\GraphicsEngine\SwapChain</Filter>
    </ClInclude>
    <ClInclude Include="DeviceContext.h">
      <Filter>GameEngine\GraphicsEngine\DeviceContext</Filter>
    </ClInclude>
    <ClInclude Include="VertexBuffer.h">
      <Filter>GameEngine\GraphicsEngine\VertexBuffer</Filter>
    </ClInclude>
    <ClInclude Include="PixelShader.h">
      <Filter>GameEngine\GraphicsEngine\PixelShader</Filter>
    </ClInclude>
    <ClInclude Include="VertexShader.h">
      <Filter>GameEngine\GraphicsEngine\VertexShader</Filter>
    </ClInclude>
    <ClInclude Include="ConstantBuffer.h">
      <Filter>GameEngine\GraphicsEngine\ConstantBuffer</Filter>
    </ClInclude>
    <ClInclude Include="EngineTime.h">
      <Filter>GameEngine\EngineTime</Filter>
    </ClInclude>
    <ClInclude Include="Vector3D.h">
      <Filter>GameEngine\Math</Filter>
    </ClInclude>
    <ClInclude Include="Matrix4x4.h">
      <Filter>GameEngine\Math</Filter>
    </ClInclude>
    <ClInclude Include="IndexBuffer.h">
      <Filter>GameEngine\GraphicsEngine\IndexBuffer</Filter>
    </ClInclude>
    <ClInclude Include="AGameObject.h">
      <Filter>GameEngine\Primitives</Filter>
    </ClInclude>
    <ClInclude Include="InputSystem.h">
      <Filter>GameEngine\InputSystem</Filter>
    </ClInclude>
    <ClInclude Include="InputListener.h">
      <Filter>GameEngine\InputSystem</Filter>
    </ClInclude>
    <ClInclude Include="Point.h">
      <Filter>GameEngine\InputSystem</Filter>
    </ClInclude>
    <ClInclude Include="Vector4D.h">
      <Filter>GameEngine\Math</Filter>
    </ClInclude>
    <ClInclude Include="Camera.h">
      <Filter>GameEngine\Primitives\Camera</Filter>
    </ClInclude>
    <ClInclude Include="SceneCameraHandler.h">
      <Filter>GameEngine\Primitives\Camera</Filter>
    </ClInclude>
    <ClInclude Include="MathUtils.h">
      <Filter>GameEngine\Math</Filter>
    </ClInclude>
    <ClInclude Include="imgui\imconfig.h">
      <Filter>GameEngine\imgui</Filter>
    </ClInclude>
    <ClInclude Include="imgui\imgui.h">
      <Filter>GameEngine\imgui</Filter>
    </ClInclude>
    <ClInclude Include="imgui\imgui_impl_dx11.h">
      <Filter>GameEngine\imgui</Filter>
    </ClInclude>
    <ClInclude Include="imgui\imgui_impl_win32.h">
      <Filter>GameEngine\imgui</Filter>
    </ClInclude>
    <ClInclude Include="imgui\imgui_internal.h">
      <Filter>GameEngine\imgui</Filter>
    </ClInclude>
    <ClInclude Include="imgui\imstb_rectpack.h">
      <Filter>GameEngine\imgui</Filter>
    </ClInclude>
    <ClInclude Include="imgui\imstb_textedit.h">
      <Filter>GameEngine\imgui</Filter>
    </ClInclude>
    <ClInclude Include="imgui\imstb_truetype.h">
      <Filter>GameEngine\imgui</Filter>
    </ClInclude>
    <ClInclude Include="imgui\imgui_stdlib.h">
      <Filter>GameEngine\imgui</Filter>
    </ClInclude>
    <ClInclude Include="UIManager.h">
      <Filter>GameEngine\UI</Filter>
    </ClInclude>
    <ClInclude Include="AUIScreen.h">
      <Filter>GameEngine\UI</Filter>
    </ClInclude>
    <ClInclude Include="UINames.h">
      <Filter>GameEngine\UI</Filter>
    </ClInclude>
    <ClInclude Include="Toolbar.h">
      <Filter>GameEngine\Interface</Filter>
    </ClInclude>
    <ClInclude Include="SceneOutliner.h">
      <Filter>GameEngine\Interface</Filter>
    </ClInclude>
    <ClInclude Include="InspectorWindow.h">
      <Filter>GameEngine\Interface</Filter>
    </ClInclude>
    <ClInclude Include="EngineProfiler.h">
      <Filter>GameEngine\Interface</Filter>
    </ClInclude>
    <ClInclude Include="GameObjectManager.h">
      <Filter>GameEngine\Primitives</Filter>
    </ClInclude>
    <ClInclude Include="AComponent.h">
      <Filter>GameEngine\ECS</Filter>
    </ClInclude>
    <ClInclude Include="BaseComponentSystem.h">
      <Filter>GameEngine\ECS</Filter>
    </ClInclude>
    <ClInclude Include="PhysicsComponent.h">
      <Filter>GameEngine\ECS\Physics</Filter>
    </ClInclude>
    <ClInclude Include="PhysicsSystem.h">
      <Filter>GameEngine\ECS\Physics</Filter>
    </ClInclude>
    <ClInclude Include="PhysicsPlane.h">
      <Filter>GameEngine\Primitives\PhysicsPrimitive</Filter>
    </ClInclude>
    <ClInclude Include="ShaderLibrary.h" />
    <ClInclude Include="Resource.h">
      <Filter>GameEngine\GraphicsEngine\ResourceManager</Filter>
    </ClInclude>
    <ClInclude Include="ResourceManager.h">
      <Filter>GameEngine\GraphicsEngine\ResourceManager</Filter>
    </ClInclude>
    <ClInclude Include="Texture.h">
      <Filter>GameEngine\GraphicsEngine\ResourceManager\TextureManager</Filter>
    </ClInclude>
    <ClInclude Include="TexturedVertexBuffer.h">
      <Filter>GameEngine\GraphicsEngine\ResourceManager\TextureManager</Filter>
    </ClInclude>
    <ClInclude Include="TextureManager.h">
      <Filter>GameEngine\GraphicsEngine\ResourceManager\TextureManager</Filter>
    </ClInclude>
    <ClInclude Include="Cube.h">
      <Filter>GameEngine\Primitives\Basic</Filter>
    </ClInclude>
    <ClInclude Include="Quads.h">
      <Filter>GameEngine\Primitives\Basic</Filter>
    </ClInclude>
    <ClInclude Include="TexturedCube.h">
      <Filter>GameEngine\Primitives\Texture</Filter>
    </ClInclude>
  </ItemGroup>
  <ItemGroup>
    <FxCompile Include="PixelShader.hlsl">
      <Filter>App</Filter>
    </FxCompile>
    <FxCompile Include="VertexShader.hlsl">
      <Filter>App</Filter>
    </FxCompile>
    <FxCompile Include="TexturedPixelShader.hlsl">
      <Filter>App</Filter>
    </FxCompile>
    <FxCompile Include="TexturedVertexShader.hlsl">
      <Filter>App</Filter>
    </FxCompile>
  </ItemGroup>
</Project>